schema: '2.0'
stages:
  embed:
    cmd: python notebooks/embed_phobert.py
    deps:
    - path: data/vihallu-dataset/vihallu-train.csv
      hash: md5
      md5: ade7a7128908af0dc9c5b5f3737d26c9
      size: 10728910
    - path: notebooks/embed_phobert.py
      hash: md5
      md5: 29c11651e171c74ac97f7c2a208e2804
      size: 1419
    outs:
    - path: features/phobert_embeddings.npy
      hash: md5
      md5: d060d969d9da4e05c4dfe16d0137396a
      size: 21504128
  train:
    cmd: python notebooks/train-model-vihallu.py
    deps:
    - path: data/vihallu-dataset/vihallu-train.csv
      hash: md5
      md5: ade7a7128908af0dc9c5b5f3737d26c9
      size: 10728910
    - path: 
        data/vihallu-vistral-dataset/vistral_train_predictions_with_probs.csv
      hash: md5
      md5: be999df9d039824af3f5d264f020b6b2
      size: 550556
    - path: features/phobert_embeddings.npy
      hash: md5
      md5: d060d969d9da4e05c4dfe16d0137396a
      size: 21504128
    - path: notebooks/train-model-vihallu.py
      hash: md5
      md5: 0286c34ad2a30cb4c7f979b8b16e1f50
      size: 6564
    outs:
    - path: models/feature_schema.json
      hash: md5
      md5: e59f1b1aaaa0b1aa7c37caf636b0846d
      size: 372
    - path: models/lgbm
      hash: md5
      md5: b02965e01e8906e10a943d609fc454b9.dir
      size: 32921564
      nfiles: 5
    - path: models/metadata.yaml
      hash: md5
      md5: bc084f7f48182d1869a7428d86fc4831
      size: 277
  infer:
    cmd: python notebooks/infer-model-vihallu.py
    deps:
    - path: 
        data/vihallu-vistral-dataset/vistral_train_predictions_with_probs.csv
      hash: md5
      md5: be999df9d039824af3f5d264f020b6b2
      size: 550556
    - path: features/phobert_embeddings.npy
      hash: md5
      md5: d060d969d9da4e05c4dfe16d0137396a
      size: 21504128
    - path: models/feature_schema.json
      hash: md5
      md5: e59f1b1aaaa0b1aa7c37caf636b0846d
      size: 372
    - path: models/lgbm
      hash: md5
      md5: b02965e01e8906e10a943d609fc454b9.dir
      size: 32921564
      nfiles: 5
    - path: notebooks/infer-model-vihallu.py
      hash: md5
      md5: f7558a30b763d11a03c2c05210615209
      size: 2716
    outs:
    - path: predictions/vihallu_infer_predictions.csv
      hash: md5
      md5: 46309db27b28784760866d08810932ea
      size: 754645
