schema: '2.0'
stages:
  embed:
    cmd: python notebooks/embed_phobert.py
    deps:
    - path: data/vihallu-dataset/vihallu-train.csv
      hash: md5
      md5: ade7a7128908af0dc9c5b5f3737d26c9
      size: 10728910
    - path: notebooks/embed_phobert.py
      hash: md5
      md5: 29c11651e171c74ac97f7c2a208e2804
      size: 1419
    outs:
    - path: features/phobert_embeddings.npy
      hash: md5
      md5: d060d969d9da4e05c4dfe16d0137396a
      size: 21504128
  train:
    cmd: python notebooks/train-model-vihallu.py
    deps:
    - path: data/vihallu-dataset/vihallu-train.csv
      hash: md5
      md5: ade7a7128908af0dc9c5b5f3737d26c9
      size: 10728910
    - path: 
        data/vihallu-vistral-dataset/vistral_train_predictions_with_probs.csv
      hash: md5
      md5: be999df9d039824af3f5d264f020b6b2
      size: 550556
    - path: features/phobert_embeddings.npy
      hash: md5
      md5: d060d969d9da4e05c4dfe16d0137396a
      size: 21504128
    - path: notebooks/train-model-vihallu.py
      hash: md5
      md5: 11050a3015204504fe964935b74e6589
      size: 5286
    outs:
    - path: models/feature_schema.json
      hash: md5
      md5: e59f1b1aaaa0b1aa7c37caf636b0846d
      size: 372
    - path: models/lgbm/
      hash: md5
      md5: b02965e01e8906e10a943d609fc454b9.dir
      size: 32921564
      nfiles: 5
    - path: models/metadata.yaml
      hash: md5
      md5: bc084f7f48182d1869a7428d86fc4831
      size: 277
    - path: models/metrics.json
      hash: md5
      md5: c97cf48de83cf0c97cb4a805e3038062
      size: 102
